
Microsoft Visual Studio Solution File, Format Version 12.00
# Visual Studio Version 16
VisualStudioVersion = 16.0.31005.135
MinimumVisualStudioVersion = 10.0.40219.1
Project("{FAE04EC0-301F-11D3-BF4B-00C04F79EFBC}") = "Assignment5", "Assignment5\Assignment5.csproj", "{9FE7DF4C-B112-404E-A7CE-EFD400521739}"
EndProject
Global
	GlobalSection(SolutionConfigurationPlatforms) = preSolution
		Debug|Any CPU = Debug|Any CPU
		Release|Any CPU = Release|Any CPU
	EndGlobalSection
	GlobalSection(ProjectConfigurationPlatforms) = postSolution
		{9FE7DF4C-B112-404E-A7CE-EFD400521739}.Debug|Any CPU.ActiveCfg = Debug|Any CPU
		{9FE7DF4C-B112-404E-A7CE-EFD400521739}.Debug|Any CPU.Build.0 = Debug|Any CPU
		{9FE7DF4C-B112-404E-A7CE-EFD400521739}.Release|Any CPU.ActiveCfg = Release|Any CPU
		{9FE7DF4C-B112-404E-A7CE-EFD400521739}.Release|Any CPU.Build.0 = Release|Any CPU
	EndGlobalSection
	GlobalSection(SolutionProperties) = preSolution
		HideSolutionNode = FALSE
	EndGlobalSection
	GlobalSection(ExtensibilityGlobals) = postSolution
		SolutionGuid = {843C199C-0EE6-462D-9D6E-50B4EA5D5AA3}
	EndGlobalSection
EndGlobal
